
Microsoft Visual Studio Solution File, Format Version 12.00
# Visual Studio Version 17
VisualStudioVersion = 17.11.35222.181
MinimumVisualStudioVersion = 10.0.40219.1
Project("{2150E333-8FDC-42A3-9474-1A3956D46DE8}") = "ProjectV7", "ProjectV7", "{6968117F-97F5-4A29-BFFB-9CA7FE7BD65A}"
EndProject
Project("{FAE04EC0-301F-11D3-BF4B-00C04F79EFBC}") = "Tyuiu.SavtsovNE.Sprint7.Project.V7", "MainForm\Tyuiu.SavtsovNE.Sprint7.Project.V7.csproj", "{4110C045-DD38-4FCB-9CCF-C00C280E7B5A}"
EndProject
Project("{FAE04EC0-301F-11D3-BF4B-00C04F79EFBC}") = "Tyuiu.SavtsovNE.Sprint7.Project.V7.Lib", "Tyuiu.SavtsovNE.Sprint7.Project.V7.Lib\Tyuiu.SavtsovNE.Sprint7.Project.V7.Lib.csproj", "{BD468CEA-7BD0-4838-BCCA-2716C1393FA5}"
EndProject
Project("{FAE04EC0-301F-11D3-BF4B-00C04F79EFBC}") = "Tyuiu.SavtsovNE.Sprint7.Project.V7.Test", "Tyuiu.SavtsovNE.Sprint7.Project.V7.Test\Tyuiu.SavtsovNE.Sprint7.Project.V7.Test.csproj", "{41DC8A4B-4189-4E2D-967B-70CC54557542}"
EndProject
Global
	GlobalSection(SolutionConfigurationPlatforms) = preSolution
		Debug|Any CPU = Debug|Any CPU
		Release|Any CPU = Release|Any CPU
	EndGlobalSection
	GlobalSection(ProjectConfigurationPlatforms) = postSolution
		{4110C045-DD38-4FCB-9CCF-C00C280E7B5A}.Debug|Any CPU.ActiveCfg = Debug|Any CPU
		{4110C045-DD38-4FCB-9CCF-C00C280E7B5A}.Debug|Any CPU.Build.0 = Debug|Any CPU
		{4110C045-DD38-4FCB-9CCF-C00C280E7B5A}.Release|Any CPU.ActiveCfg = Release|Any CPU
		{4110C045-DD38-4FCB-9CCF-C00C280E7B5A}.Release|Any CPU.Build.0 = Release|Any CPU
		{BD468CEA-7BD0-4838-BCCA-2716C1393FA5}.Debug|Any CPU.ActiveCfg = Debug|Any CPU
		{BD468CEA-7BD0-4838-BCCA-2716C1393FA5}.Debug|Any CPU.Build.0 = Debug|Any CPU
		{BD468CEA-7BD0-4838-BCCA-2716C1393FA5}.Release|Any CPU.ActiveCfg = Release|Any CPU
		{BD468CEA-7BD0-4838-BCCA-2716C1393FA5}.Release|Any CPU.Build.0 = Release|Any CPU
		{41DC8A4B-4189-4E2D-967B-70CC54557542}.Debug|Any CPU.ActiveCfg = Debug|Any CPU
		{41DC8A4B-4189-4E2D-967B-70CC54557542}.Debug|Any CPU.Build.0 = Debug|Any CPU
		{41DC8A4B-4189-4E2D-967B-70CC54557542}.Release|Any CPU.ActiveCfg = Release|Any CPU
		{41DC8A4B-4189-4E2D-967B-70CC54557542}.Release|Any CPU.Build.0 = Release|Any CPU
	EndGlobalSection
	GlobalSection(SolutionProperties) = preSolution
		HideSolutionNode = FALSE
	EndGlobalSection
	GlobalSection(NestedProjects) = preSolution
		{4110C045-DD38-4FCB-9CCF-C00C280E7B5A} = {6968117F-97F5-4A29-BFFB-9CA7FE7BD65A}
		{BD468CEA-7BD0-4838-BCCA-2716C1393FA5} = {6968117F-97F5-4A29-BFFB-9CA7FE7BD65A}
		{41DC8A4B-4189-4E2D-967B-70CC54557542} = {6968117F-97F5-4A29-BFFB-9CA7FE7BD65A}
	EndGlobalSection
	GlobalSection(ExtensibilityGlobals) = postSolution
		SolutionGuid = {2BEABB01-958E-4EA5-A90F-C368D67EC738}
	EndGlobalSection
EndGlobal
